Microsoft Visual Studio Solution File, Format Version 12.00
# Visual Studio Version 17
VisualStudioVersion = 17.5.2.0
MinimumVisualStudioVersion = 10.0.40219.1
Project("{FAE04EC0-301F-11D3-BF4B-00C04F79EFBC}") = "backend_challenge", "backend_challenge.csproj", "{75084099-E2BC-F137-AEF5-4DB79FADF92D}"
EndProject
Global
	GlobalSection(SolutionConfigurationPlatforms) = preSolution
		Debug|Any CPU = Debug|Any CPU
		Release|Any CPU = Release|Any CPU
	EndGlobalSection
	GlobalSection(ProjectConfigurationPlatforms) = postSolution
		{75084099-E2BC-F137-AEF5-4DB79FADF92D}.Debug|Any CPU.ActiveCfg = Debug|Any CPU
		{75084099-E2BC-F137-AEF5-4DB79FADF92D}.Debug|Any CPU.Build.0 = Debug|Any CPU
		{75084099-E2BC-F137-AEF5-4DB79FADF92D}.Release|Any CPU.ActiveCfg = Release|Any CPU
		{75084099-E2BC-F137-AEF5-4DB79FADF92D}.Release|Any CPU.Build.0 = Release|Any CPU
	EndGlobalSection
	GlobalSection(SolutionProperties) = preSolution
		HideSolutionNode = FALSE
	EndGlobalSection
	GlobalSection(ExtensibilityGlobals) = postSolution
		SolutionGuid = {44013E36-79AE-499F-9135-2CE1F18F850A}
	EndGlobalSection
EndGlobal
